// !$*UTF8*$!
{
	archiveVersion = 1;
	classes = {
	};
	objectVersion = 56;
	objects = {

/* Begin PBXBuildFile section */
		380129742C25AF9A006B62B7 /* RMLocation.swift in Sources */ = {isa = PBXBuildFile; fileRef = 380129732C25AF9A006B62B7 /* RMLocation.swift */; };
		380129762C25AFB2006B62B7 /* RMCharacter.swift in Sources */ = {isa = PBXBuildFile; fileRef = 380129752C25AFB2006B62B7 /* RMCharacter.swift */; };
		380129782C25AFC5006B62B7 /* RMEpisode.swift in Sources */ = {isa = PBXBuildFile; fileRef = 380129772C25AFC5006B62B7 /* RMEpisode.swift */; };
		3801297B2C25B0A0006B62B7 /* RMCharcterViewController.swift in Sources */ = {isa = PBXBuildFile; fileRef = 3801297A2C25B0A0006B62B7 /* RMCharcterViewController.swift */; };
		3801297D2C25B0BB006B62B7 /* RMLocationViewController.swift in Sources */ = {isa = PBXBuildFile; fileRef = 3801297C2C25B0BB006B62B7 /* RMLocationViewController.swift */; };
		3801297F2C25B0D4006B62B7 /* RMEpisodeViewController.swift in Sources */ = {isa = PBXBuildFile; fileRef = 3801297E2C25B0D4006B62B7 /* RMEpisodeViewController.swift */; };
		380129812C25B0E9006B62B7 /* RMSettingsViewController.swift in Sources */ = {isa = PBXBuildFile; fileRef = 380129802C25B0E9006B62B7 /* RMSettingsViewController.swift */; };
		38E5BFB02C24E65C000EF594 /* AppDelegate.swift in Sources */ = {isa = PBXBuildFile; fileRef = 38E5BFAF2C24E65C000EF594 /* AppDelegate.swift */; };
		38E5BFB22C24E65C000EF594 /* SceneDelegate.swift in Sources */ = {isa = PBXBuildFile; fileRef = 38E5BFB12C24E65C000EF594 /* SceneDelegate.swift */; };
		38E5BFB42C24E65C000EF594 /* RMTabViewController.swift in Sources */ = {isa = PBXBuildFile; fileRef = 38E5BFB32C24E65C000EF594 /* RMTabViewController.swift */; };
		38E5BFB92C24E65E000EF594 /* Assets.xcassets in Resources */ = {isa = PBXBuildFile; fileRef = 38E5BFB82C24E65E000EF594 /* Assets.xcassets */; };
		38E5BFBC2C24E65E000EF594 /* Base in Resources */ = {isa = PBXBuildFile; fileRef = 38E5BFBB2C24E65E000EF594 /* Base */; };
/* End PBXBuildFile section */

/* Begin PBXFileReference section */
		380129732C25AF9A006B62B7 /* RMLocation.swift */ = {isa = PBXFileReference; lastKnownFileType = sourcecode.swift; path = RMLocation.swift; sourceTree = "<group>"; };
		380129752C25AFB2006B62B7 /* RMCharacter.swift */ = {isa = PBXFileReference; lastKnownFileType = sourcecode.swift; path = RMCharacter.swift; sourceTree = "<group>"; };
		380129772C25AFC5006B62B7 /* RMEpisode.swift */ = {isa = PBXFileReference; lastKnownFileType = sourcecode.swift; path = RMEpisode.swift; sourceTree = "<group>"; };
		3801297A2C25B0A0006B62B7 /* RMCharcterViewController.swift */ = {isa = PBXFileReference; lastKnownFileType = sourcecode.swift; path = RMCharcterViewController.swift; sourceTree = "<group>"; };
		3801297C2C25B0BB006B62B7 /* RMLocationViewController.swift */ = {isa = PBXFileReference; lastKnownFileType = sourcecode.swift; path = RMLocationViewController.swift; sourceTree = "<group>"; };
		3801297E2C25B0D4006B62B7 /* RMEpisodeViewController.swift */ = {isa = PBXFileReference; lastKnownFileType = sourcecode.swift; path = RMEpisodeViewController.swift; sourceTree = "<group>"; };
		380129802C25B0E9006B62B7 /* RMSettingsViewController.swift */ = {isa = PBXFileReference; lastKnownFileType = sourcecode.swift; path = RMSettingsViewController.swift; sourceTree = "<group>"; };
		38E5BFAC2C24E65C000EF594 /* RickAndMorty.app */ = {isa = PBXFileReference; explicitFileType = wrapper.application; includeInIndex = 0; path = RickAndMorty.app; sourceTree = BUILT_PRODUCTS_DIR; };
		38E5BFAF2C24E65C000EF594 /* AppDelegate.swift */ = {isa = PBXFileReference; lastKnownFileType = sourcecode.swift; path = AppDelegate.swift; sourceTree = "<group>"; };
		38E5BFB12C24E65C000EF594 /* SceneDelegate.swift */ = {isa = PBXFileReference; lastKnownFileType = sourcecode.swift; path = SceneDelegate.swift; sourceTree = "<group>"; };
		38E5BFB32C24E65C000EF594 /* RMTabViewController.swift */ = {isa = PBXFileReference; lastKnownFileType = sourcecode.swift; path = RMTabViewController.swift; sourceTree = "<group>"; };
		38E5BFB82C24E65E000EF594 /* Assets.xcassets */ = {isa = PBXFileReference; lastKnownFileType = folder.assetcatalog; path = Assets.xcassets; sourceTree = "<group>"; };
		38E5BFBB2C24E65E000EF594 /* Base */ = {isa = PBXFileReference; lastKnownFileType = file.storyboard; name = Base; path = Base.lproj/LaunchScreen.storyboard; sourceTree = "<group>"; };
		38E5BFBD2C24E65E000EF594 /* Info.plist */ = {isa = PBXFileReference; lastKnownFileType = text.plist.xml; path = Info.plist; sourceTree = "<group>"; };
/* End PBXFileReference section */

/* Begin PBXFrameworksBuildPhase section */
		38E5BFA92C24E65C000EF594 /* Frameworks */ = {
			isa = PBXFrameworksBuildPhase;
			buildActionMask = 2147483647;
			files = (
			);
			runOnlyForDeploymentPostprocessing = 0;
		};
/* End PBXFrameworksBuildPhase section */

/* Begin PBXGroup section */
		3801296B2C25ADEE006B62B7 /* Controllers */ = {
			isa = PBXGroup;
			children = (
				380129792C25B05B006B62B7 /* Core */,
			);
			path = Controllers;
			sourceTree = "<group>";
		};
		3801296C2C25AE06006B62B7 /* Models */ = {
			isa = PBXGroup;
			children = (
				380129732C25AF9A006B62B7 /* RMLocation.swift */,
				380129752C25AFB2006B62B7 /* RMCharacter.swift */,
				380129772C25AFC5006B62B7 /* RMEpisode.swift */,
			);
			path = Models;
			sourceTree = "<group>";
		};
		3801296D2C25AE0C006B62B7 /* Views */ = {
			isa = PBXGroup;
			children = (
			);
			path = Views;
			sourceTree = "<group>";
		};
		3801296E2C25AE1C006B62B7 /* ViewModels */ = {
			isa = PBXGroup;
			children = (
			);
			path = ViewModels;
			sourceTree = "<group>";
		};
		3801296F2C25AE35006B62B7 /* APIClient */ = {
			isa = PBXGroup;
			children = (
			);
			path = APIClient;
			sourceTree = "<group>";
		};
		380129712C25AE63006B62B7 /* Managers */ = {
			isa = PBXGroup;
			children = (
			);
			path = Managers;
			sourceTree = "<group>";
		};
		380129722C25AE6F006B62B7 /* Resources */ = {
			isa = PBXGroup;
			children = (
				38E5BFB82C24E65E000EF594 /* Assets.xcassets */,
				38E5BFBA2C24E65E000EF594 /* LaunchScreen.storyboard */,
				38E5BFAF2C24E65C000EF594 /* AppDelegate.swift */,
				38E5BFB12C24E65C000EF594 /* SceneDelegate.swift */,
			);
			path = Resources;
			sourceTree = "<group>";
		};
		380129792C25B05B006B62B7 /* Core */ = {
			isa = PBXGroup;
			children = (
				38E5BFB32C24E65C000EF594 /* RMTabViewController.swift */,
				3801297A2C25B0A0006B62B7 /* RMCharcterViewController.swift */,
				3801297C2C25B0BB006B62B7 /* RMLocationViewController.swift */,
				3801297E2C25B0D4006B62B7 /* RMEpisodeViewController.swift */,
				380129802C25B0E9006B62B7 /* RMSettingsViewController.swift */,
			);
			path = Core;
			sourceTree = "<group>";
		};
		38E5BFA32C24E65C000EF594 = {
			isa = PBXGroup;
			children = (
				38E5BFAE2C24E65C000EF594 /* RickAndMorty */,
				38E5BFAD2C24E65C000EF594 /* Products */,
			);
			sourceTree = "<group>";
		};
		38E5BFAD2C24E65C000EF594 /* Products */ = {
			isa = PBXGroup;
			children = (
				38E5BFAC2C24E65C000EF594 /* RickAndMorty.app */,
			);
			name = Products;
			sourceTree = "<group>";
		};
		38E5BFAE2C24E65C000EF594 /* RickAndMorty */ = {
			isa = PBXGroup;
			children = (
				380129722C25AE6F006B62B7 /* Resources */,
				380129712C25AE63006B62B7 /* Managers */,
				3801296F2C25AE35006B62B7 /* APIClient */,
				3801296E2C25AE1C006B62B7 /* ViewModels */,
				3801296D2C25AE0C006B62B7 /* Views */,
				3801296C2C25AE06006B62B7 /* Models */,
				3801296B2C25ADEE006B62B7 /* Controllers */,
				38E5BFBD2C24E65E000EF594 /* Info.plist */,
			);
			path = RickAndMorty;
			sourceTree = "<group>";
		};
/* End PBXGroup section */

/* Begin PBXNativeTarget section */
		38E5BFAB2C24E65C000EF594 /* RickAndMorty */ = {
			isa = PBXNativeTarget;
			buildConfigurationList = 38E5BFC02C24E65E000EF594 /* Build configuration list for PBXNativeTarget "RickAndMorty" */;
			buildPhases = (
				38E5BFA82C24E65C000EF594 /* Sources */,
				38E5BFA92C24E65C000EF594 /* Frameworks */,
				38E5BFAA2C24E65C000EF594 /* Resources */,
			);
			buildRules = (
			);
			dependencies = (
			);
			name = RickAndMorty;
			productName = RickAndMorty;
			productReference = 38E5BFAC2C24E65C000EF594 /* RickAndMorty.app */;
			productType = "com.apple.product-type.application";
		};
/* End PBXNativeTarget section */

/* Begin PBXProject section */
		38E5BFA42C24E65C000EF594 /* Project object */ = {
			isa = PBXProject;
			attributes = {
				BuildIndependentTargetsInParallel = 1;
				LastSwiftUpdateCheck = 1540;
				LastUpgradeCheck = 1540;
				TargetAttributes = {
					38E5BFAB2C24E65C000EF594 = {
						CreatedOnToolsVersion = 15.4;
					};
				};
			};
			buildConfigurationList = 38E5BFA72C24E65C000EF594 /* Build configuration list for PBXProject "RickAndMorty" */;
			compatibilityVersion = "Xcode 14.0";
			developmentRegion = en;
			hasScannedForEncodings = 0;
			knownRegions = (
				en,
				Base,
			);
			mainGroup = 38E5BFA32C24E65C000EF594;
			productRefGroup = 38E5BFAD2C24E65C000EF594 /* Products */;
			projectDirPath = "";
			projectRoot = "";
			targets = (
				38E5BFAB2C24E65C000EF594 /* RickAndMorty */,
			);
		};
/* End PBXProject section */

/* Begin PBXResourcesBuildPhase section */
		38E5BFAA2C24E65C000EF594 /* Resources */ = {
			isa = PBXResourcesBuildPhase;
			buildActionMask = 2147483647;
			files = (
				38E5BFB92C24E65E000EF594 /* Assets.xcassets in Resources */,
				38E5BFBC2C24E65E000EF594 /* Base in Resources */,
			);
			runOnlyForDeploymentPostprocessing = 0;
		};
/* End PBXResourcesBuildPhase section */

/* Begin PBXSourcesBuildPhase section */
		38E5BFA82C24E65C000EF594 /* Sources */ = {
			isa = PBXSourcesBuildPhase;
			buildActionMask = 2147483647;
			files = (
				3801297D2C25B0BB006B62B7 /* RMLocationViewController.swift in Sources */,
				380129782C25AFC5006B62B7 /* RMEpisode.swift in Sources */,
				38E5BFB42C24E65C000EF594 /* RMTabViewController.swift in Sources */,
				3801297F2C25B0D4006B62B7 /* RMEpisodeViewController.swift in Sources */,
				3801297B2C25B0A0006B62B7 /* RMCharcterViewController.swift in Sources */,
				38E5BFB02C24E65C000EF594 /* AppDelegate.swift in Sources */,
				380129812C25B0E9006B62B7 /* RMSettingsViewController.swift in Sources */,
				38E5BFB22C24E65C000EF594 /* SceneDelegate.swift in Sources */,
				380129742C25AF9A006B62B7 /* RMLocation.swift in Sources */,
				380129762C25AFB2006B62B7 /* RMCharacter.swift in Sources */,
			);
			runOnlyForDeploymentPostprocessing = 0;
		};
/* End PBXSourcesBuildPhase section */

/* Begin PBXVariantGroup section */
		38E5BFBA2C24E65E000EF594 /* LaunchScreen.storyboard */ = {
			isa = PBXVariantGroup;
			children = (
				38E5BFBB2C24E65E000EF594 /* Base */,
			);
			name = LaunchScreen.storyboard;
			sourceTree = "<group>";
		};
/* End PBXVariantGroup section */

/* Begin XCBuildConfiguration section */
		38E5BFBE2C24E65E000EF594 /* Debug */ = {
			isa = XCBuildConfiguration;
			buildSettings = {
				ALWAYS_SEARCH_USER_PATHS = NO;
				ASSETCATALOG_COMPILER_GENERATE_SWIFT_ASSET_SYMBOL_EXTENSIONS = YES;
				CLANG_ANALYZER_NONNULL = YES;
				CLANG_ANALYZER_NUMBER_OBJECT_CONVERSION = YES_AGGRESSIVE;
				CLANG_CXX_LANGUAGE_STANDARD = "gnu++20";
				CLANG_ENABLE_MODULES = YES;
				CLANG_ENABLE_OBJC_ARC = YES;
				CLANG_ENABLE_OBJC_WEAK = YES;
				CLANG_WARN_BLOCK_CAPTURE_AUTORELEASING = YES;
				CLANG_WARN_BOOL_CONVERSION = YES;
				CLANG_WARN_COMMA = YES;
				CLANG_WARN_CONSTANT_CONVERSION = YES;
				CLANG_WARN_DEPRECATED_OBJC_IMPLEMENTATIONS = YES;
				CLANG_WARN_DIRECT_OBJC_ISA_USAGE = YES_ERROR;
				CLANG_WARN_DOCUMENTATION_COMMENTS = YES;
				CLANG_WARN_EMPTY_BODY = YES;
				CLANG_WARN_ENUM_CONVERSION = YES;
				CLANG_WARN_INFINITE_RECURSION = YES;
				CLANG_WARN_INT_CONVERSION = YES;
				CLANG_WARN_NON_LITERAL_NULL_CONVERSION = YES;
				CLANG_WARN_OBJC_IMPLICIT_RETAIN_SELF = YES;
				CLANG_WARN_OBJC_LITERAL_CONVERSION = YES;
				CLANG_WARN_OBJC_ROOT_CLASS = YES_ERROR;
				CLANG_WARN_QUOTED_INCLUDE_IN_FRAMEWORK_HEADER = YES;
				CLANG_WARN_RANGE_LOOP_ANALYSIS = YES;
				CLANG_WARN_STRICT_PROTOTYPES = YES;
				CLANG_WARN_SUSPICIOUS_MOVE = YES;
				CLANG_WARN_UNGUARDED_AVAILABILITY = YES_AGGRESSIVE;
				CLANG_WARN_UNREACHABLE_CODE = YES;
				CLANG_WARN__DUPLICATE_METHOD_MATCH = YES;
				COPY_PHASE_STRIP = NO;
				DEBUG_INFORMATION_FORMAT = dwarf;
				ENABLE_STRICT_OBJC_MSGSEND = YES;
				ENABLE_TESTABILITY = YES;
				ENABLE_USER_SCRIPT_SANDBOXING = YES;
				GCC_C_LANGUAGE_STANDARD = gnu17;
				GCC_DYNAMIC_NO_PIC = NO;
				GCC_NO_COMMON_BLOCKS = YES;
				GCC_OPTIMIZATION_LEVEL = 0;
				GCC_PREPROCESSOR_DEFINITIONS = (
					"DEBUG=1",
					"$(inherited)",
				);
				GCC_WARN_64_TO_32_BIT_CONVERSION = YES;
				GCC_WARN_ABOUT_RETURN_TYPE = YES_ERROR;
				GCC_WARN_UNDECLARED_SELECTOR = YES;
				GCC_WARN_UNINITIALIZED_AUTOS = YES_AGGRESSIVE;
				GCC_WARN_UNUSED_FUNCTION = YES;
				GCC_WARN_UNUSED_VARIABLE = YES;
				IPHONEOS_DEPLOYMENT_TARGET = 17.5;
				LOCALIZATION_PREFERS_STRING_CATALOGS = YES;
				MTL_ENABLE_DEBUG_INFO = INCLUDE_SOURCE;
				MTL_FAST_MATH = YES;
				ONLY_ACTIVE_ARCH = YES;
				SDKROOT = iphoneos;
				SWIFT_ACTIVE_COMPILATION_CONDITIONS = "DEBUG $(inherited)";
				SWIFT_OPTIMIZATION_LEVEL = "-Onone";
			};
			name = Debug;
		};
		38E5BFBF2C24E65E000EF594 /* Release */ = {
			isa = XCBuildConfiguration;
			buildSettings = {
				ALWAYS_SEARCH_USER_PATHS = NO;
				ASSETCATALOG_COMPILER_GENERATE_SWIFT_ASSET_SYMBOL_EXTENSIONS = YES;
				CLANG_ANALYZER_NONNULL = YES;
				CLANG_ANALYZER_NUMBER_OBJECT_CONVERSION = YES_AGGRESSIVE;
				CLANG_CXX_LANGUAGE_STANDARD = "gnu++20";
				CLANG_ENABLE_MODULES = YES;
				CLANG_ENABLE_OBJC_ARC = YES;
				CLANG_ENABLE_OBJC_WEAK = YES;
				CLANG_WARN_BLOCK_CAPTURE_AUTORELEASING = YES;
				CLANG_WARN_BOOL_CONVERSION = YES;
				CLANG_WARN_COMMA = YES;
				CLANG_WARN_CONSTANT_CONVERSION = YES;
				CLANG_WARN_DEPRECATED_OBJC_IMPLEMENTATIONS = YES;
				CLANG_WARN_DIRECT_OBJC_ISA_USAGE = YES_ERROR;
				CLANG_WARN_DOCUMENTATION_COMMENTS = YES;
				CLANG_WARN_EMPTY_BODY = YES;
				CLANG_WARN_ENUM_CONVERSION = YES;
				CLANG_WARN_INFINITE_RECURSION = YES;
				CLANG_WARN_INT_CONVERSION = YES;
				CLANG_WARN_NON_LITERAL_NULL_CONVERSION = YES;
				CLANG_WARN_OBJC_IMPLICIT_RETAIN_SELF = YES;
				CLANG_WARN_OBJC_LITERAL_CONVERSION = YES;
				CLANG_WARN_OBJC_ROOT_CLASS = YES_ERROR;
				CLANG_WARN_QUOTED_INCLUDE_IN_FRAMEWORK_HEADER = YES;
				CLANG_WARN_RANGE_LOOP_ANALYSIS = YES;
				CLANG_WARN_STRICT_PROTOTYPES = YES;
				CLANG_WARN_SUSPICIOUS_MOVE = YES;
				CLANG_WARN_UNGUARDED_AVAILABILITY = YES_AGGRESSIVE;
				CLANG_WARN_UNREACHABLE_CODE = YES;
				CLANG_WARN__DUPLICATE_METHOD_MATCH = YES;
				COPY_PHASE_STRIP = NO;
				DEBUG_INFORMATION_FORMAT = "dwarf-with-dsym";
				ENABLE_NS_ASSERTIONS = NO;
				ENABLE_STRICT_OBJC_MSGSEND = YES;
				ENABLE_USER_SCRIPT_SANDBOXING = YES;
				GCC_C_LANGUAGE_STANDARD = gnu17;
				GCC_NO_COMMON_BLOCKS = YES;
				GCC_WARN_64_TO_32_BIT_CONVERSION = YES;
				GCC_WARN_ABOUT_RETURN_TYPE = YES_ERROR;
				GCC_WARN_UNDECLARED_SELECTOR = YES;
				GCC_WARN_UNINITIALIZED_AUTOS = YES_AGGRESSIVE;
				GCC_WARN_UNUSED_FUNCTION = YES;
				GCC_WARN_UNUSED_VARIABLE = YES;
				IPHONEOS_DEPLOYMENT_TARGET = 17.5;
				LOCALIZATION_PREFERS_STRING_CATALOGS = YES;
				MTL_ENABLE_DEBUG_INFO = NO;
				MTL_FAST_MATH = YES;
				SDKROOT = iphoneos;
				SWIFT_COMPILATION_MODE = wholemodule;
				VALIDATE_PRODUCT = YES;
			};
			name = Release;
		};
		38E5BFC12C24E65E000EF594 /* Debug */ = {
			isa = XCBuildConfiguration;
			buildSettings = {
				ASSETCATALOG_COMPILER_APPICON_NAME = AppIcon;
				ASSETCATALOG_COMPILER_GLOBAL_ACCENT_COLOR_NAME = AccentColor;
				CODE_SIGN_STYLE = Automatic;
				CURRENT_PROJECT_VERSION = 1;
				DEVELOPMENT_TEAM = XWYX5D2GFA;
				GENERATE_INFOPLIST_FILE = YES;
				INFOPLIST_FILE = RickAndMorty/Info.plist;
				INFOPLIST_KEY_UIApplicationSupportsIndirectInputEvents = YES;
				INFOPLIST_KEY_UILaunchStoryboardName = LaunchScreen;
				INFOPLIST_KEY_UISupportedInterfaceOrientations_iPad = "UIInterfaceOrientationPortrait UIInterfaceOrientationPortraitUpsideDown UIInterfaceOrientationLandscapeLeft UIInterfaceOrientationLandscapeRight";
				INFOPLIST_KEY_UISupportedInterfaceOrientations_iPhone = "UIInterfaceOrientationPortrait UIInterfaceOrientationLandscapeLeft UIInterfaceOrientationLandscapeRight";
				LD_RUNPATH_SEARCH_PATHS = (
					"$(inherited)",
					"@executable_path/Frameworks",
				);
				MARKETING_VERSION = 1.0;
				PRODUCT_BUNDLE_IDENTIFIER = Vosik.RickAndMorty;
				PRODUCT_NAME = "$(TARGET_NAME)";
				SWIFT_EMIT_LOC_STRINGS = YES;
				SWIFT_VERSION = 5.0;
				TARGETED_DEVICE_FAMILY = "1,2";
			};
			name = Debug;
		};
		38E5BFC22C24E65E000EF594 /* Release */ = {
			isa = XCBuildConfiguration;
			buildSettings = {
				ASSETCATALOG_COMPILER_APPICON_NAME = AppIcon;
				ASSETCATALOG_COMPILER_GLOBAL_ACCENT_COLOR_NAME = AccentColor;
				CODE_SIGN_STYLE = Automatic;
				CURRENT_PROJECT_VERSION = 1;
				DEVELOPMENT_TEAM = XWYX5D2GFA;
				GENERATE_INFOPLIST_FILE = YES;
				INFOPLIST_FILE = RickAndMorty/Info.plist;
				INFOPLIST_KEY_UIApplicationSupportsIndirectInputEvents = YES;
				INFOPLIST_KEY_UILaunchStoryboardName = LaunchScreen;
				INFOPLIST_KEY_UISupportedInterfaceOrientations_iPad = "UIInterfaceOrientationPortrait UIInterfaceOrientationPortraitUpsideDown UIInterfaceOrientationLandscapeLeft UIInterfaceOrientationLandscapeRight";
				INFOPLIST_KEY_UISupportedInterfaceOrientations_iPhone = "UIInterfaceOrientationPortrait UIInterfaceOrientationLandscapeLeft UIInterfaceOrientationLandscapeRight";
				LD_RUNPATH_SEARCH_PATHS = (
					"$(inherited)",
					"@executable_path/Frameworks",
				);
				MARKETING_VERSION = 1.0;
				PRODUCT_BUNDLE_IDENTIFIER = Vosik.RickAndMorty;
				PRODUCT_NAME = "$(TARGET_NAME)";
				SWIFT_EMIT_LOC_STRINGS = YES;
				SWIFT_VERSION = 5.0;
				TARGETED_DEVICE_FAMILY = "1,2";
			};
			name = Release;
		};
/* End XCBuildConfiguration section */

/* Begin XCConfigurationList section */
		38E5BFA72C24E65C000EF594 /* Build configuration list for PBXProject "RickAndMorty" */ = {
			isa = XCConfigurationList;
			buildConfigurations = (
				38E5BFBE2C24E65E000EF594 /* Debug */,
				38E5BFBF2C24E65E000EF594 /* Release */,
			);
			defaultConfigurationIsVisible = 0;
			defaultConfigurationName = Release;
		};
		38E5BFC02C24E65E000EF594 /* Build configuration list for PBXNativeTarget "RickAndMorty" */ = {
			isa = XCConfigurationList;
			buildConfigurations = (
				38E5BFC12C24E65E000EF594 /* Debug */,
				38E5BFC22C24E65E000EF594 /* Release */,
			);
			defaultConfigurationIsVisible = 0;
			defaultConfigurationName = Release;
		};
/* End XCConfigurationList section */
	};
	rootObject = 38E5BFA42C24E65C000EF594 /* Project object */;
}
