// !$*UTF8*$!
{
	archiveVersion = 1;
	classes = {
	};
	objectVersion = 56;
	objects = {

/* Begin PBXBuildFile section */
		380129742C25AF9A006B62B7 /* RMLocation.swift in Sources */ = {isa = PBXBuildFile; fileRef = 380129732C25AF9A006B62B7 /* RMLocation.swift */; };
		380129762C25AFB2006B62B7 /* RMCharacter.swift in Sources */ = {isa = PBXBuildFile; fileRef = 380129752C25AFB2006B62B7 /* RMCharacter.swift */; };
		380129782C25AFC5006B62B7 /* RMEpisode.swift in Sources */ = {isa = PBXBuildFile; fileRef = 380129772C25AFC5006B62B7 /* RMEpisode.swift */; };
		3801297B2C25B0A0006B62B7 /* RMCharacterViewController.swift in Sources */ = {isa = PBXBuildFile; fileRef = 3801297A2C25B0A0006B62B7 /* RMCharacterViewController.swift */; };
		3801297D2C25B0BB006B62B7 /* RMLocationViewController.swift in Sources */ = {isa = PBXBuildFile; fileRef = 3801297C2C25B0BB006B62B7 /* RMLocationViewController.swift */; };
		3801297F2C25B0D4006B62B7 /* RMEpisodeViewController.swift in Sources */ = {isa = PBXBuildFile; fileRef = 3801297E2C25B0D4006B62B7 /* RMEpisodeViewController.swift */; };
		380129812C25B0E9006B62B7 /* RMSettingsViewController.swift in Sources */ = {isa = PBXBuildFile; fileRef = 380129802C25B0E9006B62B7 /* RMSettingsViewController.swift */; };
		380129832C25C291006B62B7 /* RMService.swift in Sources */ = {isa = PBXBuildFile; fileRef = 380129822C25C291006B62B7 /* RMService.swift */; };
		380129852C25C2B7006B62B7 /* RMRequest.swift in Sources */ = {isa = PBXBuildFile; fileRef = 380129842C25C2B7006B62B7 /* RMRequest.swift */; };
		380129872C25C3FD006B62B7 /* RMEndpoint.swift in Sources */ = {isa = PBXBuildFile; fileRef = 380129862C25C3FD006B62B7 /* RMEndpoint.swift */; };
		3801298A2C25C6D3006B62B7 /* TabItems.swift in Sources */ = {isa = PBXBuildFile; fileRef = 380129892C25C6D3006B62B7 /* TabItems.swift */; };
		3801298E2C263EC8006B62B7 /* RMGetCharactersResponse.swift in Sources */ = {isa = PBXBuildFile; fileRef = 3801298D2C263EC8006B62B7 /* RMGetCharactersResponse.swift */; };
		3801898E2C37262F005B7BC8 /* RMSearchResultViewModel.swift in Sources */ = {isa = PBXBuildFile; fileRef = 3801898D2C37262F005B7BC8 /* RMSearchResultViewModel.swift */; };
		380189912C375294005B7BC8 /* CharacterService.swift in Sources */ = {isa = PBXBuildFile; fileRef = 380189902C375294005B7BC8 /* CharacterService.swift */; };
		380189932C3752F0005B7BC8 /* LocationService.swift in Sources */ = {isa = PBXBuildFile; fileRef = 380189922C3752F0005B7BC8 /* LocationService.swift */; };
		380189952C375354005B7BC8 /* MainServiceAsync.swift in Sources */ = {isa = PBXBuildFile; fileRef = 380189942C375354005B7BC8 /* MainServiceAsync.swift */; };
		3806A6482C319B0A00A51622 /* EpisodeService.swift in Sources */ = {isa = PBXBuildFile; fileRef = 3806A6472C319B0A00A51622 /* EpisodeService.swift */; };
		3806A64A2C319B2E00A51622 /* RMAPICacheActor.swift in Sources */ = {isa = PBXBuildFile; fileRef = 3806A6492C319B2E00A51622 /* RMAPICacheActor.swift */; };
		3806A64D2C31A1E200A51622 /* JsonModel.swift in Sources */ = {isa = PBXBuildFile; fileRef = 3806A64C2C31A1E200A51622 /* JsonModel.swift */; };
		3806A64F2C31A31700A51622 /* RMLocationTableViewCell.swift in Sources */ = {isa = PBXBuildFile; fileRef = 3806A64E2C31A31700A51622 /* RMLocationTableViewCell.swift */; };
		3806A6522C31A52F00A51622 /* RMLocationTableViewCellViewModel.swift in Sources */ = {isa = PBXBuildFile; fileRef = 3806A6512C31A52F00A51622 /* RMLocationTableViewCellViewModel.swift */; };
		3806A6552C32158700A51622 /* RMLocationDetailViewController.swift in Sources */ = {isa = PBXBuildFile; fileRef = 3806A6542C32158700A51622 /* RMLocationDetailViewController.swift */; };
		3806A6582C32185500A51622 /* RMLocationDetailView.swift in Sources */ = {isa = PBXBuildFile; fileRef = 3806A6572C32185500A51622 /* RMLocationDetailView.swift */; };
		380AB8EB2C28312700777B61 /* RMCharacterDetailViewController.swift in Sources */ = {isa = PBXBuildFile; fileRef = 380AB8EA2C28312700777B61 /* RMCharacterDetailViewController.swift */; };
		380AB8ED2C28327000777B61 /* RMCharacterDetailView.swift in Sources */ = {isa = PBXBuildFile; fileRef = 380AB8EC2C28327000777B61 /* RMCharacterDetailView.swift */; };
		380AB8EF2C28329C00777B61 /* RMCharacterDetailViewViewModel.swift in Sources */ = {isa = PBXBuildFile; fileRef = 380AB8EE2C28329C00777B61 /* RMCharacterDetailViewViewModel.swift */; };
		380AB8F12C283AB300777B61 /* RMFooterLoaderCollectionReusableView.swift in Sources */ = {isa = PBXBuildFile; fileRef = 380AB8F02C283AB300777B61 /* RMFooterLoaderCollectionReusableView.swift */; };
		380AB8F32C28C64000777B61 /* RMImageLoader.swift in Sources */ = {isa = PBXBuildFile; fileRef = 380AB8F22C28C64000777B61 /* RMImageLoader.swift */; };
		381AB83F2C2B0282003D477F /* RMCharacterPhotoCollectionViewCell.swift in Sources */ = {isa = PBXBuildFile; fileRef = 381AB83E2C2B0282003D477F /* RMCharacterPhotoCollectionViewCell.swift */; };
		381AB8412C2B02A1003D477F /* RMCharacterInfoCollectionViewCell.swift in Sources */ = {isa = PBXBuildFile; fileRef = 381AB8402C2B02A1003D477F /* RMCharacterInfoCollectionViewCell.swift */; };
		381AB8432C2B02AE003D477F /* RMCharacterEpisodeCollectionViewCell.swift in Sources */ = {isa = PBXBuildFile; fileRef = 381AB8422C2B02AE003D477F /* RMCharacterEpisodeCollectionViewCell.swift */; };
		381AB8462C2B0324003D477F /* RMCharacterPhotoCollectionViewCellViewModel.swift in Sources */ = {isa = PBXBuildFile; fileRef = 381AB8452C2B0324003D477F /* RMCharacterPhotoCollectionViewCellViewModel.swift */; };
		381AB8482C2B0337003D477F /* RMCharacterInfoCollectionViewCellViewModel.swift in Sources */ = {isa = PBXBuildFile; fileRef = 381AB8472C2B0337003D477F /* RMCharacterInfoCollectionViewCellViewModel.swift */; };
		381AB84A2C2B0346003D477F /* RMCharacterEpisodeCollectionViewCellViewModel.swift in Sources */ = {isa = PBXBuildFile; fileRef = 381AB8492C2B0346003D477F /* RMCharacterEpisodeCollectionViewCellViewModel.swift */; };
		381AB84D2C2B0B0F003D477F /* Extensions+UICollectionView.swift in Sources */ = {isa = PBXBuildFile; fileRef = 381AB84C2C2B0B0F003D477F /* Extensions+UICollectionView.swift */; };
		38274AC22C2709B9001494B0 /* Service.swift in Sources */ = {isa = PBXBuildFile; fileRef = 38274AC12C2709B9001494B0 /* Service.swift */; };
		38274AC42C270CD5001494B0 /* RMCharacterListViewViewModel.swift in Sources */ = {isa = PBXBuildFile; fileRef = 38274AC32C270CD5001494B0 /* RMCharacterListViewViewModel.swift */; };
		38274AC62C270D95001494B0 /* RMCharacterListView.swift in Sources */ = {isa = PBXBuildFile; fileRef = 38274AC52C270D95001494B0 /* RMCharacterListView.swift */; };
		38274AC82C271466001494B0 /* Extensions.swift in Sources */ = {isa = PBXBuildFile; fileRef = 38274AC72C271466001494B0 /* Extensions.swift */; };
		38274ACA2C271F30001494B0 /* RMCharacterCollectionViewCell.swift in Sources */ = {isa = PBXBuildFile; fileRef = 38274AC92C271F30001494B0 /* RMCharacterCollectionViewCell.swift */; };
		38274ACC2C2720D1001494B0 /* RMCharacterCollectionViewCellViewModel.swift in Sources */ = {isa = PBXBuildFile; fileRef = 38274ACB2C2720D1001494B0 /* RMCharacterCollectionViewCellViewModel.swift */; };
		384506AF2C382CD10050A6F3 /* RMSearchResultsView.swift in Sources */ = {isa = PBXBuildFile; fileRef = 384506AE2C382CD10050A6F3 /* RMSearchResultsView.swift */; };
		384506B32C3866A70050A6F3 /* Extensions+RMSearchResultsView+TableView.swift in Sources */ = {isa = PBXBuildFile; fileRef = 384506B22C3866A70050A6F3 /* Extensions+RMSearchResultsView+TableView.swift */; };
		384506B52C3874920050A6F3 /* Extensions+RMSearchResultsView+CollectionView.swift in Sources */ = {isa = PBXBuildFile; fileRef = 384506B42C3874920050A6F3 /* Extensions+RMSearchResultsView+CollectionView.swift */; };
		3847109E2C3DB53200F6C537 /* RMTableLoadingFooterView.swift in Sources */ = {isa = PBXBuildFile; fileRef = 3847109D2C3DB53200F6C537 /* RMTableLoadingFooterView.swift */; };
		387A0E892C309140008E01F5 /* RMLocationView.swift in Sources */ = {isa = PBXBuildFile; fileRef = 387A0E882C309140008E01F5 /* RMLocationView.swift */; };
		387A0E8B2C30B076008E01F5 /* Extensions+UITableView.swift in Sources */ = {isa = PBXBuildFile; fileRef = 387A0E8A2C30B076008E01F5 /* Extensions+UITableView.swift */; };
		387A0E8D2C30B4ED008E01F5 /* RMLocationViewViewModel.swift in Sources */ = {isa = PBXBuildFile; fileRef = 387A0E8C2C30B4ED008E01F5 /* RMLocationViewViewModel.swift */; };
		387A0E8F2C30BF9F008E01F5 /* RMGetLocationsResponse.swift in Sources */ = {isa = PBXBuildFile; fileRef = 387A0E8E2C30BF9F008E01F5 /* RMGetLocationsResponse.swift */; };
		387A0E912C30C760008E01F5 /* AsyncService.swift in Sources */ = {isa = PBXBuildFile; fileRef = 387A0E902C30C760008E01F5 /* AsyncService.swift */; };
		38862BB82C2C8B5F0020081E /* RMEpisodeDetailViewController.swift in Sources */ = {isa = PBXBuildFile; fileRef = 38862BB72C2C8B5F0020081E /* RMEpisodeDetailViewController.swift */; };
		38862BBA2C2C905D0020081E /* RMAPICacheManager.swift in Sources */ = {isa = PBXBuildFile; fileRef = 38862BB92C2C905D0020081E /* RMAPICacheManager.swift */; };
		38862BBC2C2CC0B40020081E /* RMEpisodeDetailViewViewModel.swift in Sources */ = {isa = PBXBuildFile; fileRef = 38862BBB2C2CC0B40020081E /* RMEpisodeDetailViewViewModel.swift */; };
		38862BBE2C2CC1550020081E /* RMEpisodeDetailView.swift in Sources */ = {isa = PBXBuildFile; fileRef = 38862BBD2C2CC1550020081E /* RMEpisodeDetailView.swift */; };
		38862BC12C2CC5C00020081E /* RMEpisodeListView.swift in Sources */ = {isa = PBXBuildFile; fileRef = 38862BC02C2CC5C00020081E /* RMEpisodeListView.swift */; };
		38862BC32C2CCA930020081E /* RMEpisodeListViewViewModel.swift in Sources */ = {isa = PBXBuildFile; fileRef = 38862BC22C2CCA930020081E /* RMEpisodeListViewViewModel.swift */; };
		38862BC52C2CCFC20020081E /* RMGetEpisodesResponse.swift in Sources */ = {isa = PBXBuildFile; fileRef = 38862BC42C2CCFC20020081E /* RMGetEpisodesResponse.swift */; };
		388C09252C2DA825004393CA /* RMSearchViewController.swift in Sources */ = {isa = PBXBuildFile; fileRef = 388C09242C2DA825004393CA /* RMSearchViewController.swift */; };
		388C09282C2E175C004393CA /* RMEpisodeInfoCollectionViewCell.swift in Sources */ = {isa = PBXBuildFile; fileRef = 388C09272C2E175C004393CA /* RMEpisodeInfoCollectionViewCell.swift */; };
		388C092B2C2E17AC004393CA /* RMEpisodeInfoCollectionViewCellViewModel.swift in Sources */ = {isa = PBXBuildFile; fileRef = 388C092A2C2E17AC004393CA /* RMEpisodeInfoCollectionViewCellViewModel.swift */; };
		388CA44C2C2F415B00E28FFC /* DateFormatter.swift in Sources */ = {isa = PBXBuildFile; fileRef = 388CA44B2C2F415B00E28FFC /* DateFormatter.swift */; };
		388CA44F2C2F514E00E28FFC /* RMSettingsViewViewModel.swift in Sources */ = {isa = PBXBuildFile; fileRef = 388CA44E2C2F514E00E28FFC /* RMSettingsViewViewModel.swift */; };
		388CA4512C2F51BB00E28FFC /* RMSettingsCellViewModel.swift in Sources */ = {isa = PBXBuildFile; fileRef = 388CA4502C2F51BB00E28FFC /* RMSettingsCellViewModel.swift */; };
		388CA4532C2F526000E28FFC /* RMSettingsOption.swift in Sources */ = {isa = PBXBuildFile; fileRef = 388CA4522C2F526000E28FFC /* RMSettingsOption.swift */; };
		388CA4562C2F591700E28FFC /* RMSettingsView.swift in Sources */ = {isa = PBXBuildFile; fileRef = 388CA4552C2F591700E28FFC /* RMSettingsView.swift */; };
		3891AC222C32E91B00BA482D /* RMLoactionDetailViewViewModel.swift in Sources */ = {isa = PBXBuildFile; fileRef = 3891AC212C32E91B00BA482D /* RMLoactionDetailViewViewModel.swift */; };
		38BD060E2C357D43002EE461 /* RMSearchView.swift in Sources */ = {isa = PBXBuildFile; fileRef = 38BD060D2C357D43002EE461 /* RMSearchView.swift */; };
		38BD06112C357E2D002EE461 /* RMSearchViewViewModel.swift in Sources */ = {isa = PBXBuildFile; fileRef = 38BD06102C357E2D002EE461 /* RMSearchViewViewModel.swift */; };
		38BD06132C358188002EE461 /* RMNoSearchResultsView.swift in Sources */ = {isa = PBXBuildFile; fileRef = 38BD06122C358188002EE461 /* RMNoSearchResultsView.swift */; };
		38BD06152C3581C6002EE461 /* RMNoSearchResultsViewViewModel.swift in Sources */ = {isa = PBXBuildFile; fileRef = 38BD06142C3581C6002EE461 /* RMNoSearchResultsViewViewModel.swift */; };
		38BD06172C35821C002EE461 /* RMSearchInputView.swift in Sources */ = {isa = PBXBuildFile; fileRef = 38BD06162C35821C002EE461 /* RMSearchInputView.swift */; };
		38BD06192C35823F002EE461 /* RMSearchInputViewViewModel.swift in Sources */ = {isa = PBXBuildFile; fileRef = 38BD06182C35823F002EE461 /* RMSearchInputViewViewModel.swift */; };
		38BD061B2C360D45002EE461 /* RMSearchOptionPickerViewController.swift in Sources */ = {isa = PBXBuildFile; fileRef = 38BD061A2C360D45002EE461 /* RMSearchOptionPickerViewController.swift */; };
		38E5BFB02C24E65C000EF594 /* AppDelegate.swift in Sources */ = {isa = PBXBuildFile; fileRef = 38E5BFAF2C24E65C000EF594 /* AppDelegate.swift */; };
		38E5BFB22C24E65C000EF594 /* SceneDelegate.swift in Sources */ = {isa = PBXBuildFile; fileRef = 38E5BFB12C24E65C000EF594 /* SceneDelegate.swift */; };
		38E5BFB42C24E65C000EF594 /* RMTabViewController.swift in Sources */ = {isa = PBXBuildFile; fileRef = 38E5BFB32C24E65C000EF594 /* RMTabViewController.swift */; };
		38E5BFB92C24E65E000EF594 /* Assets.xcassets in Resources */ = {isa = PBXBuildFile; fileRef = 38E5BFB82C24E65E000EF594 /* Assets.xcassets */; };
		38E5BFBC2C24E65E000EF594 /* Base in Resources */ = {isa = PBXBuildFile; fileRef = 38E5BFBB2C24E65E000EF594 /* Base */; };
/* End PBXBuildFile section */

/* Begin PBXFileReference section */
		380129732C25AF9A006B62B7 /* RMLocation.swift */ = {isa = PBXFileReference; lastKnownFileType = sourcecode.swift; path = RMLocation.swift; sourceTree = "<group>"; };
		380129752C25AFB2006B62B7 /* RMCharacter.swift */ = {isa = PBXFileReference; lastKnownFileType = sourcecode.swift; path = RMCharacter.swift; sourceTree = "<group>"; };
		380129772C25AFC5006B62B7 /* RMEpisode.swift */ = {isa = PBXFileReference; lastKnownFileType = sourcecode.swift; path = RMEpisode.swift; sourceTree = "<group>"; };
		3801297A2C25B0A0006B62B7 /* RMCharacterViewController.swift */ = {isa = PBXFileReference; lastKnownFileType = sourcecode.swift; path = RMCharacterViewController.swift; sourceTree = "<group>"; };
		3801297C2C25B0BB006B62B7 /* RMLocationViewController.swift */ = {isa = PBXFileReference; lastKnownFileType = sourcecode.swift; path = RMLocationViewController.swift; sourceTree = "<group>"; };
		3801297E2C25B0D4006B62B7 /* RMEpisodeViewController.swift */ = {isa = PBXFileReference; lastKnownFileType = sourcecode.swift; path = RMEpisodeViewController.swift; sourceTree = "<group>"; };
		380129802C25B0E9006B62B7 /* RMSettingsViewController.swift */ = {isa = PBXFileReference; lastKnownFileType = sourcecode.swift; path = RMSettingsViewController.swift; sourceTree = "<group>"; };
		380129822C25C291006B62B7 /* RMService.swift */ = {isa = PBXFileReference; lastKnownFileType = sourcecode.swift; path = RMService.swift; sourceTree = "<group>"; };
		380129842C25C2B7006B62B7 /* RMRequest.swift */ = {isa = PBXFileReference; lastKnownFileType = sourcecode.swift; path = RMRequest.swift; sourceTree = "<group>"; };
		380129862C25C3FD006B62B7 /* RMEndpoint.swift */ = {isa = PBXFileReference; lastKnownFileType = sourcecode.swift; path = RMEndpoint.swift; sourceTree = "<group>"; };
		380129892C25C6D3006B62B7 /* TabItems.swift */ = {isa = PBXFileReference; lastKnownFileType = sourcecode.swift; path = TabItems.swift; sourceTree = "<group>"; };
		3801298D2C263EC8006B62B7 /* RMGetCharactersResponse.swift */ = {isa = PBXFileReference; lastKnownFileType = sourcecode.swift; path = RMGetCharactersResponse.swift; sourceTree = "<group>"; };
		3801898D2C37262F005B7BC8 /* RMSearchResultViewModel.swift */ = {isa = PBXFileReference; lastKnownFileType = sourcecode.swift; path = RMSearchResultViewModel.swift; sourceTree = "<group>"; };
		380189902C375294005B7BC8 /* CharacterService.swift */ = {isa = PBXFileReference; lastKnownFileType = sourcecode.swift; path = CharacterService.swift; sourceTree = "<group>"; };
		380189922C3752F0005B7BC8 /* LocationService.swift */ = {isa = PBXFileReference; lastKnownFileType = sourcecode.swift; path = LocationService.swift; sourceTree = "<group>"; };
		380189942C375354005B7BC8 /* MainServiceAsync.swift */ = {isa = PBXFileReference; lastKnownFileType = sourcecode.swift; path = MainServiceAsync.swift; sourceTree = "<group>"; };
		3806A6472C319B0A00A51622 /* EpisodeService.swift */ = {isa = PBXFileReference; lastKnownFileType = sourcecode.swift; path = EpisodeService.swift; sourceTree = "<group>"; };
		3806A6492C319B2E00A51622 /* RMAPICacheActor.swift */ = {isa = PBXFileReference; lastKnownFileType = sourcecode.swift; path = RMAPICacheActor.swift; sourceTree = "<group>"; };
		3806A64C2C31A1E200A51622 /* JsonModel.swift */ = {isa = PBXFileReference; lastKnownFileType = sourcecode.swift; path = JsonModel.swift; sourceTree = "<group>"; };
		3806A64E2C31A31700A51622 /* RMLocationTableViewCell.swift */ = {isa = PBXFileReference; lastKnownFileType = sourcecode.swift; path = RMLocationTableViewCell.swift; sourceTree = "<group>"; };
		3806A6512C31A52F00A51622 /* RMLocationTableViewCellViewModel.swift */ = {isa = PBXFileReference; lastKnownFileType = sourcecode.swift; path = RMLocationTableViewCellViewModel.swift; sourceTree = "<group>"; };
		3806A6542C32158700A51622 /* RMLocationDetailViewController.swift */ = {isa = PBXFileReference; lastKnownFileType = sourcecode.swift; path = RMLocationDetailViewController.swift; sourceTree = "<group>"; };
		3806A6572C32185500A51622 /* RMLocationDetailView.swift */ = {isa = PBXFileReference; lastKnownFileType = sourcecode.swift; path = RMLocationDetailView.swift; sourceTree = "<group>"; };
		380AB8EA2C28312700777B61 /* RMCharacterDetailViewController.swift */ = {isa = PBXFileReference; lastKnownFileType = sourcecode.swift; path = RMCharacterDetailViewController.swift; sourceTree = "<group>"; };
		380AB8EC2C28327000777B61 /* RMCharacterDetailView.swift */ = {isa = PBXFileReference; lastKnownFileType = sourcecode.swift; path = RMCharacterDetailView.swift; sourceTree = "<group>"; };
		380AB8EE2C28329C00777B61 /* RMCharacterDetailViewViewModel.swift */ = {isa = PBXFileReference; lastKnownFileType = sourcecode.swift; path = RMCharacterDetailViewViewModel.swift; sourceTree = "<group>"; };
		380AB8F02C283AB300777B61 /* RMFooterLoaderCollectionReusableView.swift */ = {isa = PBXFileReference; lastKnownFileType = sourcecode.swift; path = RMFooterLoaderCollectionReusableView.swift; sourceTree = "<group>"; };
		380AB8F22C28C64000777B61 /* RMImageLoader.swift */ = {isa = PBXFileReference; lastKnownFileType = sourcecode.swift; path = RMImageLoader.swift; sourceTree = "<group>"; };
		381AB83E2C2B0282003D477F /* RMCharacterPhotoCollectionViewCell.swift */ = {isa = PBXFileReference; lastKnownFileType = sourcecode.swift; path = RMCharacterPhotoCollectionViewCell.swift; sourceTree = "<group>"; };
		381AB8402C2B02A1003D477F /* RMCharacterInfoCollectionViewCell.swift */ = {isa = PBXFileReference; lastKnownFileType = sourcecode.swift; path = RMCharacterInfoCollectionViewCell.swift; sourceTree = "<group>"; };
		381AB8422C2B02AE003D477F /* RMCharacterEpisodeCollectionViewCell.swift */ = {isa = PBXFileReference; lastKnownFileType = sourcecode.swift; path = RMCharacterEpisodeCollectionViewCell.swift; sourceTree = "<group>"; };
		381AB8452C2B0324003D477F /* RMCharacterPhotoCollectionViewCellViewModel.swift */ = {isa = PBXFileReference; lastKnownFileType = sourcecode.swift; path = RMCharacterPhotoCollectionViewCellViewModel.swift; sourceTree = "<group>"; };
		381AB8472C2B0337003D477F /* RMCharacterInfoCollectionViewCellViewModel.swift */ = {isa = PBXFileReference; lastKnownFileType = sourcecode.swift; path = RMCharacterInfoCollectionViewCellViewModel.swift; sourceTree = "<group>"; };
		381AB8492C2B0346003D477F /* RMCharacterEpisodeCollectionViewCellViewModel.swift */ = {isa = PBXFileReference; lastKnownFileType = sourcecode.swift; path = RMCharacterEpisodeCollectionViewCellViewModel.swift; sourceTree = "<group>"; };
		381AB84C2C2B0B0F003D477F /* Extensions+UICollectionView.swift */ = {isa = PBXFileReference; lastKnownFileType = sourcecode.swift; path = "Extensions+UICollectionView.swift"; sourceTree = "<group>"; };
		38274AC12C2709B9001494B0 /* Service.swift */ = {isa = PBXFileReference; lastKnownFileType = sourcecode.swift; path = Service.swift; sourceTree = "<group>"; };
		38274AC32C270CD5001494B0 /* RMCharacterListViewViewModel.swift */ = {isa = PBXFileReference; lastKnownFileType = sourcecode.swift; path = RMCharacterListViewViewModel.swift; sourceTree = "<group>"; };
		38274AC52C270D95001494B0 /* RMCharacterListView.swift */ = {isa = PBXFileReference; lastKnownFileType = sourcecode.swift; path = RMCharacterListView.swift; sourceTree = "<group>"; };
		38274AC72C271466001494B0 /* Extensions.swift */ = {isa = PBXFileReference; lastKnownFileType = sourcecode.swift; path = Extensions.swift; sourceTree = "<group>"; };
		38274AC92C271F30001494B0 /* RMCharacterCollectionViewCell.swift */ = {isa = PBXFileReference; lastKnownFileType = sourcecode.swift; path = RMCharacterCollectionViewCell.swift; sourceTree = "<group>"; };
		38274ACB2C2720D1001494B0 /* RMCharacterCollectionViewCellViewModel.swift */ = {isa = PBXFileReference; lastKnownFileType = sourcecode.swift; path = RMCharacterCollectionViewCellViewModel.swift; sourceTree = "<group>"; };
		384506AE2C382CD10050A6F3 /* RMSearchResultsView.swift */ = {isa = PBXFileReference; lastKnownFileType = sourcecode.swift; path = RMSearchResultsView.swift; sourceTree = "<group>"; };
		384506B22C3866A70050A6F3 /* Extensions+RMSearchResultsView+TableView.swift */ = {isa = PBXFileReference; lastKnownFileType = sourcecode.swift; path = "Extensions+RMSearchResultsView+TableView.swift"; sourceTree = "<group>"; };
		384506B42C3874920050A6F3 /* Extensions+RMSearchResultsView+CollectionView.swift */ = {isa = PBXFileReference; lastKnownFileType = sourcecode.swift; path = "Extensions+RMSearchResultsView+CollectionView.swift"; sourceTree = "<group>"; };
		3847109D2C3DB53200F6C537 /* RMTableLoadingFooterView.swift */ = {isa = PBXFileReference; lastKnownFileType = sourcecode.swift; path = RMTableLoadingFooterView.swift; sourceTree = "<group>"; };
		387A0E882C309140008E01F5 /* RMLocationView.swift */ = {isa = PBXFileReference; lastKnownFileType = sourcecode.swift; path = RMLocationView.swift; sourceTree = "<group>"; };
		387A0E8A2C30B076008E01F5 /* Extensions+UITableView.swift */ = {isa = PBXFileReference; lastKnownFileType = sourcecode.swift; path = "Extensions+UITableView.swift"; sourceTree = "<group>"; };
		387A0E8C2C30B4ED008E01F5 /* RMLocationViewViewModel.swift */ = {isa = PBXFileReference; lastKnownFileType = sourcecode.swift; path = RMLocationViewViewModel.swift; sourceTree = "<group>"; };
		387A0E8E2C30BF9F008E01F5 /* RMGetLocationsResponse.swift */ = {isa = PBXFileReference; lastKnownFileType = sourcecode.swift; path = RMGetLocationsResponse.swift; sourceTree = "<group>"; };
		387A0E902C30C760008E01F5 /* AsyncService.swift */ = {isa = PBXFileReference; lastKnownFileType = sourcecode.swift; path = AsyncService.swift; sourceTree = "<group>"; };
		38862BB72C2C8B5F0020081E /* RMEpisodeDetailViewController.swift */ = {isa = PBXFileReference; lastKnownFileType = sourcecode.swift; path = RMEpisodeDetailViewController.swift; sourceTree = "<group>"; };
		38862BB92C2C905D0020081E /* RMAPICacheManager.swift */ = {isa = PBXFileReference; lastKnownFileType = sourcecode.swift; path = RMAPICacheManager.swift; sourceTree = "<group>"; };
		38862BBB2C2CC0B40020081E /* RMEpisodeDetailViewViewModel.swift */ = {isa = PBXFileReference; lastKnownFileType = sourcecode.swift; path = RMEpisodeDetailViewViewModel.swift; sourceTree = "<group>"; };
		38862BBD2C2CC1550020081E /* RMEpisodeDetailView.swift */ = {isa = PBXFileReference; lastKnownFileType = sourcecode.swift; path = RMEpisodeDetailView.swift; sourceTree = "<group>"; };
		38862BC02C2CC5C00020081E /* RMEpisodeListView.swift */ = {isa = PBXFileReference; lastKnownFileType = sourcecode.swift; path = RMEpisodeListView.swift; sourceTree = "<group>"; };
		38862BC22C2CCA930020081E /* RMEpisodeListViewViewModel.swift */ = {isa = PBXFileReference; lastKnownFileType = sourcecode.swift; path = RMEpisodeListViewViewModel.swift; sourceTree = "<group>"; };
		38862BC42C2CCFC20020081E /* RMGetEpisodesResponse.swift */ = {isa = PBXFileReference; lastKnownFileType = sourcecode.swift; path = RMGetEpisodesResponse.swift; sourceTree = "<group>"; };
		388C09242C2DA825004393CA /* RMSearchViewController.swift */ = {isa = PBXFileReference; lastKnownFileType = sourcecode.swift; path = RMSearchViewController.swift; sourceTree = "<group>"; };
		388C09272C2E175C004393CA /* RMEpisodeInfoCollectionViewCell.swift */ = {isa = PBXFileReference; lastKnownFileType = sourcecode.swift; path = RMEpisodeInfoCollectionViewCell.swift; sourceTree = "<group>"; };
		388C092A2C2E17AC004393CA /* RMEpisodeInfoCollectionViewCellViewModel.swift */ = {isa = PBXFileReference; lastKnownFileType = sourcecode.swift; path = RMEpisodeInfoCollectionViewCellViewModel.swift; sourceTree = "<group>"; };
		388CA44B2C2F415B00E28FFC /* DateFormatter.swift */ = {isa = PBXFileReference; lastKnownFileType = sourcecode.swift; path = DateFormatter.swift; sourceTree = "<group>"; };
		388CA44E2C2F514E00E28FFC /* RMSettingsViewViewModel.swift */ = {isa = PBXFileReference; lastKnownFileType = sourcecode.swift; path = RMSettingsViewViewModel.swift; sourceTree = "<group>"; };
		388CA4502C2F51BB00E28FFC /* RMSettingsCellViewModel.swift */ = {isa = PBXFileReference; lastKnownFileType = sourcecode.swift; path = RMSettingsCellViewModel.swift; sourceTree = "<group>"; };
		388CA4522C2F526000E28FFC /* RMSettingsOption.swift */ = {isa = PBXFileReference; lastKnownFileType = sourcecode.swift; path = RMSettingsOption.swift; sourceTree = "<group>"; };
		388CA4552C2F591700E28FFC /* RMSettingsView.swift */ = {isa = PBXFileReference; lastKnownFileType = sourcecode.swift; path = RMSettingsView.swift; sourceTree = "<group>"; };
		3891AC212C32E91B00BA482D /* RMLoactionDetailViewViewModel.swift */ = {isa = PBXFileReference; lastKnownFileType = sourcecode.swift; path = RMLoactionDetailViewViewModel.swift; sourceTree = "<group>"; };
		38BD060D2C357D43002EE461 /* RMSearchView.swift */ = {isa = PBXFileReference; lastKnownFileType = sourcecode.swift; path = RMSearchView.swift; sourceTree = "<group>"; };
		38BD06102C357E2D002EE461 /* RMSearchViewViewModel.swift */ = {isa = PBXFileReference; lastKnownFileType = sourcecode.swift; path = RMSearchViewViewModel.swift; sourceTree = "<group>"; };
		38BD06122C358188002EE461 /* RMNoSearchResultsView.swift */ = {isa = PBXFileReference; lastKnownFileType = sourcecode.swift; path = RMNoSearchResultsView.swift; sourceTree = "<group>"; };
		38BD06142C3581C6002EE461 /* RMNoSearchResultsViewViewModel.swift */ = {isa = PBXFileReference; lastKnownFileType = sourcecode.swift; path = RMNoSearchResultsViewViewModel.swift; sourceTree = "<group>"; };
		38BD06162C35821C002EE461 /* RMSearchInputView.swift */ = {isa = PBXFileReference; lastKnownFileType = sourcecode.swift; path = RMSearchInputView.swift; sourceTree = "<group>"; };
		38BD06182C35823F002EE461 /* RMSearchInputViewViewModel.swift */ = {isa = PBXFileReference; lastKnownFileType = sourcecode.swift; path = RMSearchInputViewViewModel.swift; sourceTree = "<group>"; };
		38BD061A2C360D45002EE461 /* RMSearchOptionPickerViewController.swift */ = {isa = PBXFileReference; lastKnownFileType = sourcecode.swift; path = RMSearchOptionPickerViewController.swift; sourceTree = "<group>"; };
		38E5BFAC2C24E65C000EF594 /* RickAndMorty.app */ = {isa = PBXFileReference; explicitFileType = wrapper.application; includeInIndex = 0; path = RickAndMorty.app; sourceTree = BUILT_PRODUCTS_DIR; };
		38E5BFAF2C24E65C000EF594 /* AppDelegate.swift */ = {isa = PBXFileReference; lastKnownFileType = sourcecode.swift; path = AppDelegate.swift; sourceTree = "<group>"; };
		38E5BFB12C24E65C000EF594 /* SceneDelegate.swift */ = {isa = PBXFileReference; lastKnownFileType = sourcecode.swift; path = SceneDelegate.swift; sourceTree = "<group>"; };
		38E5BFB32C24E65C000EF594 /* RMTabViewController.swift */ = {isa = PBXFileReference; lastKnownFileType = sourcecode.swift; path = RMTabViewController.swift; sourceTree = "<group>"; };
		38E5BFB82C24E65E000EF594 /* Assets.xcassets */ = {isa = PBXFileReference; lastKnownFileType = folder.assetcatalog; path = Assets.xcassets; sourceTree = "<group>"; };
		38E5BFBB2C24E65E000EF594 /* Base */ = {isa = PBXFileReference; lastKnownFileType = file.storyboard; name = Base; path = Base.lproj/LaunchScreen.storyboard; sourceTree = "<group>"; };
		38E5BFBD2C24E65E000EF594 /* Info.plist */ = {isa = PBXFileReference; lastKnownFileType = text.plist.xml; path = Info.plist; sourceTree = "<group>"; };
/* End PBXFileReference section */

/* Begin PBXFrameworksBuildPhase section */
		38E5BFA92C24E65C000EF594 /* Frameworks */ = {
			isa = PBXFrameworksBuildPhase;
			buildActionMask = 2147483647;
			files = (
			);
			runOnlyForDeploymentPostprocessing = 0;
		};
/* End PBXFrameworksBuildPhase section */

/* Begin PBXGroup section */
		3801296B2C25ADEE006B62B7 /* Controllers */ = {
			isa = PBXGroup;
			children = (
				380AB8E92C2830EB00777B61 /* Other */,
				380129792C25B05B006B62B7 /* Core */,
				380129882C25C6BC006B62B7 /* Helpers */,
			);
			path = Controllers;
			sourceTree = "<group>";
		};
		3801296C2C25AE06006B62B7 /* Models */ = {
			isa = PBXGroup;
			children = (
				3801298C2C263E9F006B62B7 /* ResponseTypes */,
				3801298B2C263E89006B62B7 /* DataTypes */,
			);
			path = Models;
			sourceTree = "<group>";
		};
		3801296D2C25AE0C006B62B7 /* Views */ = {
			isa = PBXGroup;
			children = (
				38BD060C2C357D2E002EE461 /* Search */,
				388CA4542C2F58F000E28FFC /* SwiftUI */,
				3806A6562C32182400A51622 /* LocationDetails */,
				387A0E872C30910D008E01F5 /* Location */,
				388C09262C2E170A004393CA /* EpisodeDetails */,
				38862BBF2C2CC59B0020081E /* Episode */,
				381AB83C2C2B0192003D477F /* CharacterDetails */,
				381AB83D2C2B01B9003D477F /* Character */,
				380AB8F02C283AB300777B61 /* RMFooterLoaderCollectionReusableView.swift */,
				381AB84B2C2B0AF7003D477F /* Helpers */,
			);
			path = Views;
			sourceTree = "<group>";
		};
		3801296E2C25AE1C006B62B7 /* ViewModels */ = {
			isa = PBXGroup;
			children = (
				38BD060F2C357E22002EE461 /* Search */,
				3806A6532C31A5D000A51622 /* Character */,
				3806A6502C31A51A00A51622 /* Location */,
				388CA44D2C2F512C00E28FFC /* Settings */,
				388C09292C2E1777004393CA /* EpisodeDetail */,
				381AB8442C2B02E0003D477F /* CaharacterDetail */,
			);
			path = ViewModels;
			sourceTree = "<group>";
		};
		3801296F2C25AE35006B62B7 /* APIClient */ = {
			isa = PBXGroup;
			children = (
				3806A64B2C31A13F00A51622 /* Async */,
				380129822C25C291006B62B7 /* RMService.swift */,
				380129842C25C2B7006B62B7 /* RMRequest.swift */,
				380129862C25C3FD006B62B7 /* RMEndpoint.swift */,
				38274AC12C2709B9001494B0 /* Service.swift */,
			);
			path = APIClient;
			sourceTree = "<group>";
		};
		380129712C25AE63006B62B7 /* Managers */ = {
			isa = PBXGroup;
			children = (
				380AB8F22C28C64000777B61 /* RMImageLoader.swift */,
				38862BB92C2C905D0020081E /* RMAPICacheManager.swift */,
			);
			path = Managers;
			sourceTree = "<group>";
		};
		380129722C25AE6F006B62B7 /* Resources */ = {
			isa = PBXGroup;
			children = (
				38E5BFB82C24E65E000EF594 /* Assets.xcassets */,
				38E5BFBA2C24E65E000EF594 /* LaunchScreen.storyboard */,
				38E5BFAF2C24E65C000EF594 /* AppDelegate.swift */,
				38E5BFB12C24E65C000EF594 /* SceneDelegate.swift */,
				38274AC72C271466001494B0 /* Extensions.swift */,
			);
			path = Resources;
			sourceTree = "<group>";
		};
		380129792C25B05B006B62B7 /* Core */ = {
			isa = PBXGroup;
			children = (
				38E5BFB32C24E65C000EF594 /* RMTabViewController.swift */,
				3801297A2C25B0A0006B62B7 /* RMCharacterViewController.swift */,
				3801297C2C25B0BB006B62B7 /* RMLocationViewController.swift */,
				3801297E2C25B0D4006B62B7 /* RMEpisodeViewController.swift */,
				380129802C25B0E9006B62B7 /* RMSettingsViewController.swift */,
			);
			path = Core;
			sourceTree = "<group>";
		};
		380129882C25C6BC006B62B7 /* Helpers */ = {
			isa = PBXGroup;
			children = (
				380129892C25C6D3006B62B7 /* TabItems.swift */,
				388CA44B2C2F415B00E28FFC /* DateFormatter.swift */,
			);
			path = Helpers;
			sourceTree = "<group>";
		};
		3801298B2C263E89006B62B7 /* DataTypes */ = {
			isa = PBXGroup;
			children = (
				380129732C25AF9A006B62B7 /* RMLocation.swift */,
				380129752C25AFB2006B62B7 /* RMCharacter.swift */,
				380129772C25AFC5006B62B7 /* RMEpisode.swift */,
			);
			path = DataTypes;
			sourceTree = "<group>";
		};
		3801298C2C263E9F006B62B7 /* ResponseTypes */ = {
			isa = PBXGroup;
			children = (
				3801298D2C263EC8006B62B7 /* RMGetCharactersResponse.swift */,
				38862BC42C2CCFC20020081E /* RMGetEpisodesResponse.swift */,
				387A0E8E2C30BF9F008E01F5 /* RMGetLocationsResponse.swift */,
				3806A64C2C31A1E200A51622 /* JsonModel.swift */,
			);
			path = ResponseTypes;
			sourceTree = "<group>";
		};
		3801898F2C37522D005B7BC8 /* Services */ = {
			isa = PBXGroup;
			children = (
				3806A6472C319B0A00A51622 /* EpisodeService.swift */,
				380189902C375294005B7BC8 /* CharacterService.swift */,
				380189922C3752F0005B7BC8 /* LocationService.swift */,
				380189942C375354005B7BC8 /* MainServiceAsync.swift */,
			);
			path = Services;
			sourceTree = "<group>";
		};
		3806A64B2C31A13F00A51622 /* Async */ = {
			isa = PBXGroup;
			children = (
				3801898F2C37522D005B7BC8 /* Services */,
				387A0E902C30C760008E01F5 /* AsyncService.swift */,
				3806A6492C319B2E00A51622 /* RMAPICacheActor.swift */,
			);
			path = Async;
			sourceTree = "<group>";
		};
		3806A6502C31A51A00A51622 /* Location */ = {
			isa = PBXGroup;
			children = (
				3806A6512C31A52F00A51622 /* RMLocationTableViewCellViewModel.swift */,
				387A0E8C2C30B4ED008E01F5 /* RMLocationViewViewModel.swift */,
				3891AC212C32E91B00BA482D /* RMLoactionDetailViewViewModel.swift */,
			);
			path = Location;
			sourceTree = "<group>";
		};
		3806A6532C31A5D000A51622 /* Character */ = {
			isa = PBXGroup;
			children = (
				38274AC32C270CD5001494B0 /* RMCharacterListViewViewModel.swift */,
				38274ACB2C2720D1001494B0 /* RMCharacterCollectionViewCellViewModel.swift */,
			);
			path = Character;
			sourceTree = "<group>";
		};
		3806A6562C32182400A51622 /* LocationDetails */ = {
			isa = PBXGroup;
			children = (
				3806A6572C32185500A51622 /* RMLocationDetailView.swift */,
			);
			path = LocationDetails;
			sourceTree = "<group>";
		};
		380AB8E92C2830EB00777B61 /* Other */ = {
			isa = PBXGroup;
			children = (
				38BD061C2C360EF4002EE461 /* Search */,
				380AB8EA2C28312700777B61 /* RMCharacterDetailViewController.swift */,
				38862BB72C2C8B5F0020081E /* RMEpisodeDetailViewController.swift */,
				3806A6542C32158700A51622 /* RMLocationDetailViewController.swift */,
			);
			path = Other;
			sourceTree = "<group>";
		};
		381AB83C2C2B0192003D477F /* CharacterDetails */ = {
			isa = PBXGroup;
			children = (
				380AB8EC2C28327000777B61 /* RMCharacterDetailView.swift */,
				381AB83E2C2B0282003D477F /* RMCharacterPhotoCollectionViewCell.swift */,
				381AB8402C2B02A1003D477F /* RMCharacterInfoCollectionViewCell.swift */,
				381AB8422C2B02AE003D477F /* RMCharacterEpisodeCollectionViewCell.swift */,
			);
			path = CharacterDetails;
			sourceTree = "<group>";
		};
		381AB83D2C2B01B9003D477F /* Character */ = {
			isa = PBXGroup;
			children = (
				38274AC52C270D95001494B0 /* RMCharacterListView.swift */,
				38274AC92C271F30001494B0 /* RMCharacterCollectionViewCell.swift */,
			);
			path = Character;
			sourceTree = "<group>";
		};
		381AB8442C2B02E0003D477F /* CaharacterDetail */ = {
			isa = PBXGroup;
			children = (
				380AB8EE2C28329C00777B61 /* RMCharacterDetailViewViewModel.swift */,
				381AB8452C2B0324003D477F /* RMCharacterPhotoCollectionViewCellViewModel.swift */,
				381AB8472C2B0337003D477F /* RMCharacterInfoCollectionViewCellViewModel.swift */,
				381AB8492C2B0346003D477F /* RMCharacterEpisodeCollectionViewCellViewModel.swift */,
			);
			path = CaharacterDetail;
			sourceTree = "<group>";
		};
		381AB84B2C2B0AF7003D477F /* Helpers */ = {
			isa = PBXGroup;
			children = (
				381AB84C2C2B0B0F003D477F /* Extensions+UICollectionView.swift */,
				387A0E8A2C30B076008E01F5 /* Extensions+UITableView.swift */,
			);
			path = Helpers;
			sourceTree = "<group>";
		};
		387A0E872C30910D008E01F5 /* Location */ = {
			isa = PBXGroup;
			children = (
				387A0E882C309140008E01F5 /* RMLocationView.swift */,
				3806A64E2C31A31700A51622 /* RMLocationTableViewCell.swift */,
				3847109D2C3DB53200F6C537 /* RMTableLoadingFooterView.swift */,
			);
			path = Location;
			sourceTree = "<group>";
		};
		38862BBF2C2CC59B0020081E /* Episode */ = {
			isa = PBXGroup;
			children = (
				38862BC02C2CC5C00020081E /* RMEpisodeListView.swift */,
			);
			path = Episode;
			sourceTree = "<group>";
		};
		388C09262C2E170A004393CA /* EpisodeDetails */ = {
			isa = PBXGroup;
			children = (
				38862BBD2C2CC1550020081E /* RMEpisodeDetailView.swift */,
				388C09272C2E175C004393CA /* RMEpisodeInfoCollectionViewCell.swift */,
			);
			path = EpisodeDetails;
			sourceTree = "<group>";
		};
		388C09292C2E1777004393CA /* EpisodeDetail */ = {
			isa = PBXGroup;
			children = (
				38862BC22C2CCA930020081E /* RMEpisodeListViewViewModel.swift */,
				38862BBB2C2CC0B40020081E /* RMEpisodeDetailViewViewModel.swift */,
				388C092A2C2E17AC004393CA /* RMEpisodeInfoCollectionViewCellViewModel.swift */,
			);
			path = EpisodeDetail;
			sourceTree = "<group>";
		};
		388CA44D2C2F512C00E28FFC /* Settings */ = {
			isa = PBXGroup;
			children = (
				388CA44E2C2F514E00E28FFC /* RMSettingsViewViewModel.swift */,
				388CA4502C2F51BB00E28FFC /* RMSettingsCellViewModel.swift */,
				388CA4522C2F526000E28FFC /* RMSettingsOption.swift */,
			);
			path = Settings;
			sourceTree = "<group>";
		};
		388CA4542C2F58F000E28FFC /* SwiftUI */ = {
			isa = PBXGroup;
			children = (
				388CA4552C2F591700E28FFC /* RMSettingsView.swift */,
			);
			path = SwiftUI;
			sourceTree = "<group>";
		};
		38BD060C2C357D2E002EE461 /* Search */ = {
			isa = PBXGroup;
			children = (
				38BD060D2C357D43002EE461 /* RMSearchView.swift */,
				38BD06122C358188002EE461 /* RMNoSearchResultsView.swift */,
				38BD06162C35821C002EE461 /* RMSearchInputView.swift */,
				384506AE2C382CD10050A6F3 /* RMSearchResultsView.swift */,
				384506B22C3866A70050A6F3 /* Extensions+RMSearchResultsView+TableView.swift */,
				384506B42C3874920050A6F3 /* Extensions+RMSearchResultsView+CollectionView.swift */,
			);
			path = Search;
			sourceTree = "<group>";
		};
		38BD060F2C357E22002EE461 /* Search */ = {
			isa = PBXGroup;
			children = (
				38BD06102C357E2D002EE461 /* RMSearchViewViewModel.swift */,
				38BD06142C3581C6002EE461 /* RMNoSearchResultsViewViewModel.swift */,
				38BD06182C35823F002EE461 /* RMSearchInputViewViewModel.swift */,
				3801898D2C37262F005B7BC8 /* RMSearchResultViewModel.swift */,
			);
			path = Search;
			sourceTree = "<group>";
		};
		38BD061C2C360EF4002EE461 /* Search */ = {
			isa = PBXGroup;
			children = (
				388C09242C2DA825004393CA /* RMSearchViewController.swift */,
				38BD061A2C360D45002EE461 /* RMSearchOptionPickerViewController.swift */,
			);
			path = Search;
			sourceTree = "<group>";
		};
		38E5BFA32C24E65C000EF594 = {
			isa = PBXGroup;
			children = (
				38E5BFAE2C24E65C000EF594 /* RickAndMorty */,
				38E5BFAD2C24E65C000EF594 /* Products */,
			);
			sourceTree = "<group>";
		};
		38E5BFAD2C24E65C000EF594 /* Products */ = {
			isa = PBXGroup;
			children = (
				38E5BFAC2C24E65C000EF594 /* RickAndMorty.app */,
			);
			name = Products;
			sourceTree = "<group>";
		};
		38E5BFAE2C24E65C000EF594 /* RickAndMorty */ = {
			isa = PBXGroup;
			children = (
				380129722C25AE6F006B62B7 /* Resources */,
				380129712C25AE63006B62B7 /* Managers */,
				3801296F2C25AE35006B62B7 /* APIClient */,
				3801296E2C25AE1C006B62B7 /* ViewModels */,
				3801296D2C25AE0C006B62B7 /* Views */,
				3801296C2C25AE06006B62B7 /* Models */,
				3801296B2C25ADEE006B62B7 /* Controllers */,
				38E5BFBD2C24E65E000EF594 /* Info.plist */,
			);
			path = RickAndMorty;
			sourceTree = "<group>";
		};
/* End PBXGroup section */

/* Begin PBXNativeTarget section */
		38E5BFAB2C24E65C000EF594 /* RickAndMorty */ = {
			isa = PBXNativeTarget;
			buildConfigurationList = 38E5BFC02C24E65E000EF594 /* Build configuration list for PBXNativeTarget "RickAndMorty" */;
			buildPhases = (
				38E5BFA82C24E65C000EF594 /* Sources */,
				38E5BFA92C24E65C000EF594 /* Frameworks */,
				38E5BFAA2C24E65C000EF594 /* Resources */,
			);
			buildRules = (
			);
			dependencies = (
			);
			name = RickAndMorty;
			productName = RickAndMorty;
			productReference = 38E5BFAC2C24E65C000EF594 /* RickAndMorty.app */;
			productType = "com.apple.product-type.application";
		};
/* End PBXNativeTarget section */

/* Begin PBXProject section */
		38E5BFA42C24E65C000EF594 /* Project object */ = {
			isa = PBXProject;
			attributes = {
				BuildIndependentTargetsInParallel = 1;
				LastSwiftUpdateCheck = 1540;
				LastUpgradeCheck = 1540;
				TargetAttributes = {
					38E5BFAB2C24E65C000EF594 = {
						CreatedOnToolsVersion = 15.4;
					};
				};
			};
			buildConfigurationList = 38E5BFA72C24E65C000EF594 /* Build configuration list for PBXProject "RickAndMorty" */;
			compatibilityVersion = "Xcode 14.0";
			developmentRegion = en;
			hasScannedForEncodings = 0;
			knownRegions = (
				en,
				Base,
			);
			mainGroup = 38E5BFA32C24E65C000EF594;
			productRefGroup = 38E5BFAD2C24E65C000EF594 /* Products */;
			projectDirPath = "";
			projectRoot = "";
			targets = (
				38E5BFAB2C24E65C000EF594 /* RickAndMorty */,
			);
		};
/* End PBXProject section */

/* Begin PBXResourcesBuildPhase section */
		38E5BFAA2C24E65C000EF594 /* Resources */ = {
			isa = PBXResourcesBuildPhase;
			buildActionMask = 2147483647;
			files = (
				38E5BFB92C24E65E000EF594 /* Assets.xcassets in Resources */,
				38E5BFBC2C24E65E000EF594 /* Base in Resources */,
			);
			runOnlyForDeploymentPostprocessing = 0;
		};
/* End PBXResourcesBuildPhase section */

/* Begin PBXSourcesBuildPhase section */
		38E5BFA82C24E65C000EF594 /* Sources */ = {
			isa = PBXSourcesBuildPhase;
			buildActionMask = 2147483647;
			files = (
				38862BC52C2CCFC20020081E /* RMGetEpisodesResponse.swift in Sources */,
				38BD06152C3581C6002EE461 /* RMNoSearchResultsViewViewModel.swift in Sources */,
				3801297D2C25B0BB006B62B7 /* RMLocationViewController.swift in Sources */,
				388C09252C2DA825004393CA /* RMSearchViewController.swift in Sources */,
				3806A6582C32185500A51622 /* RMLocationDetailView.swift in Sources */,
				380189932C3752F0005B7BC8 /* LocationService.swift in Sources */,
				3801898E2C37262F005B7BC8 /* RMSearchResultViewModel.swift in Sources */,
				381AB8412C2B02A1003D477F /* RMCharacterInfoCollectionViewCell.swift in Sources */,
				380129782C25AFC5006B62B7 /* RMEpisode.swift in Sources */,
				3806A64D2C31A1E200A51622 /* JsonModel.swift in Sources */,
				381AB83F2C2B0282003D477F /* RMCharacterPhotoCollectionViewCell.swift in Sources */,
				3806A6552C32158700A51622 /* RMLocationDetailViewController.swift in Sources */,
				38BD060E2C357D43002EE461 /* RMSearchView.swift in Sources */,
				380AB8EB2C28312700777B61 /* RMCharacterDetailViewController.swift in Sources */,
				3801298E2C263EC8006B62B7 /* RMGetCharactersResponse.swift in Sources */,
				380AB8ED2C28327000777B61 /* RMCharacterDetailView.swift in Sources */,
				387A0E8F2C30BF9F008E01F5 /* RMGetLocationsResponse.swift in Sources */,
				38E5BFB42C24E65C000EF594 /* RMTabViewController.swift in Sources */,
				38862BB82C2C8B5F0020081E /* RMEpisodeDetailViewController.swift in Sources */,
				381AB84D2C2B0B0F003D477F /* Extensions+UICollectionView.swift in Sources */,
				38862BBE2C2CC1550020081E /* RMEpisodeDetailView.swift in Sources */,
				3801297F2C25B0D4006B62B7 /* RMEpisodeViewController.swift in Sources */,
				388CA44F2C2F514E00E28FFC /* RMSettingsViewViewModel.swift in Sources */,
				38862BBC2C2CC0B40020081E /* RMEpisodeDetailViewViewModel.swift in Sources */,
				38862BC12C2CC5C00020081E /* RMEpisodeListView.swift in Sources */,
				388CA44C2C2F415B00E28FFC /* DateFormatter.swift in Sources */,
				388CA4532C2F526000E28FFC /* RMSettingsOption.swift in Sources */,
				381AB8482C2B0337003D477F /* RMCharacterInfoCollectionViewCellViewModel.swift in Sources */,
				38BD061B2C360D45002EE461 /* RMSearchOptionPickerViewController.swift in Sources */,
				388C09282C2E175C004393CA /* RMEpisodeInfoCollectionViewCell.swift in Sources */,
				381AB8462C2B0324003D477F /* RMCharacterPhotoCollectionViewCellViewModel.swift in Sources */,
				388C092B2C2E17AC004393CA /* RMEpisodeInfoCollectionViewCellViewModel.swift in Sources */,
				38862BBA2C2C905D0020081E /* RMAPICacheManager.swift in Sources */,
				38274ACA2C271F30001494B0 /* RMCharacterCollectionViewCell.swift in Sources */,
				3847109E2C3DB53200F6C537 /* RMTableLoadingFooterView.swift in Sources */,
				388CA4512C2F51BB00E28FFC /* RMSettingsCellViewModel.swift in Sources */,
				388CA4562C2F591700E28FFC /* RMSettingsView.swift in Sources */,
				3801297B2C25B0A0006B62B7 /* RMCharacterViewController.swift in Sources */,
				387A0E8D2C30B4ED008E01F5 /* RMLocationViewViewModel.swift in Sources */,
				38E5BFB02C24E65C000EF594 /* AppDelegate.swift in Sources */,
				38274AC82C271466001494B0 /* Extensions.swift in Sources */,
				3801298A2C25C6D3006B62B7 /* TabItems.swift in Sources */,
				380AB8F32C28C64000777B61 /* RMImageLoader.swift in Sources */,
				3806A6482C319B0A00A51622 /* EpisodeService.swift in Sources */,
				384506AF2C382CD10050A6F3 /* RMSearchResultsView.swift in Sources */,
				380129812C25B0E9006B62B7 /* RMSettingsViewController.swift in Sources */,
				380AB8EF2C28329C00777B61 /* RMCharacterDetailViewViewModel.swift in Sources */,
				38274AC22C2709B9001494B0 /* Service.swift in Sources */,
				381AB8432C2B02AE003D477F /* RMCharacterEpisodeCollectionViewCell.swift in Sources */,
				380129832C25C291006B62B7 /* RMService.swift in Sources */,
				381AB84A2C2B0346003D477F /* RMCharacterEpisodeCollectionViewCellViewModel.swift in Sources */,
				38E5BFB22C24E65C000EF594 /* SceneDelegate.swift in Sources */,
				38862BC32C2CCA930020081E /* RMEpisodeListViewViewModel.swift in Sources */,
				38274AC62C270D95001494B0 /* RMCharacterListView.swift in Sources */,
				387A0E892C309140008E01F5 /* RMLocationView.swift in Sources */,
				380189952C375354005B7BC8 /* MainServiceAsync.swift in Sources */,
				3806A64F2C31A31700A51622 /* RMLocationTableViewCell.swift in Sources */,
				380129872C25C3FD006B62B7 /* RMEndpoint.swift in Sources */,
				38BD06112C357E2D002EE461 /* RMSearchViewViewModel.swift in Sources */,
				384506B32C3866A70050A6F3 /* Extensions+RMSearchResultsView+TableView.swift in Sources */,
				387A0E912C30C760008E01F5 /* AsyncService.swift in Sources */,
				38BD06172C35821C002EE461 /* RMSearchInputView.swift in Sources */,
				38BD06132C358188002EE461 /* RMNoSearchResultsView.swift in Sources */,
				38BD06192C35823F002EE461 /* RMSearchInputViewViewModel.swift in Sources */,
				380AB8F12C283AB300777B61 /* RMFooterLoaderCollectionReusableView.swift in Sources */,
				3891AC222C32E91B00BA482D /* RMLoactionDetailViewViewModel.swift in Sources */,
				380129742C25AF9A006B62B7 /* RMLocation.swift in Sources */,
				38274AC42C270CD5001494B0 /* RMCharacterListViewViewModel.swift in Sources */,
				380129852C25C2B7006B62B7 /* RMRequest.swift in Sources */,
				38274ACC2C2720D1001494B0 /* RMCharacterCollectionViewCellViewModel.swift in Sources */,
				380189912C375294005B7BC8 /* CharacterService.swift in Sources */,
				3806A6522C31A52F00A51622 /* RMLocationTableViewCellViewModel.swift in Sources */,
				380129762C25AFB2006B62B7 /* RMCharacter.swift in Sources */,
				3806A64A2C319B2E00A51622 /* RMAPICacheActor.swift in Sources */,
				384506B52C3874920050A6F3 /* Extensions+RMSearchResultsView+CollectionView.swift in Sources */,
				387A0E8B2C30B076008E01F5 /* Extensions+UITableView.swift in Sources */,
			);
			runOnlyForDeploymentPostprocessing = 0;
		};
/* End PBXSourcesBuildPhase section */

/* Begin PBXVariantGroup section */
		38E5BFBA2C24E65E000EF594 /* LaunchScreen.storyboard */ = {
			isa = PBXVariantGroup;
			children = (
				38E5BFBB2C24E65E000EF594 /* Base */,
			);
			name = LaunchScreen.storyboard;
			sourceTree = "<group>";
		};
/* End PBXVariantGroup section */

/* Begin XCBuildConfiguration section */
		38E5BFBE2C24E65E000EF594 /* Debug */ = {
			isa = XCBuildConfiguration;
			buildSettings = {
				ALWAYS_SEARCH_USER_PATHS = NO;
				ASSETCATALOG_COMPILER_GENERATE_SWIFT_ASSET_SYMBOL_EXTENSIONS = YES;
				CLANG_ANALYZER_NONNULL = YES;
				CLANG_ANALYZER_NUMBER_OBJECT_CONVERSION = YES_AGGRESSIVE;
				CLANG_CXX_LANGUAGE_STANDARD = "gnu++20";
				CLANG_ENABLE_MODULES = YES;
				CLANG_ENABLE_OBJC_ARC = YES;
				CLANG_ENABLE_OBJC_WEAK = YES;
				CLANG_WARN_BLOCK_CAPTURE_AUTORELEASING = YES;
				CLANG_WARN_BOOL_CONVERSION = YES;
				CLANG_WARN_COMMA = YES;
				CLANG_WARN_CONSTANT_CONVERSION = YES;
				CLANG_WARN_DEPRECATED_OBJC_IMPLEMENTATIONS = YES;
				CLANG_WARN_DIRECT_OBJC_ISA_USAGE = YES_ERROR;
				CLANG_WARN_DOCUMENTATION_COMMENTS = YES;
				CLANG_WARN_EMPTY_BODY = YES;
				CLANG_WARN_ENUM_CONVERSION = YES;
				CLANG_WARN_INFINITE_RECURSION = YES;
				CLANG_WARN_INT_CONVERSION = YES;
				CLANG_WARN_NON_LITERAL_NULL_CONVERSION = YES;
				CLANG_WARN_OBJC_IMPLICIT_RETAIN_SELF = YES;
				CLANG_WARN_OBJC_LITERAL_CONVERSION = YES;
				CLANG_WARN_OBJC_ROOT_CLASS = YES_ERROR;
				CLANG_WARN_QUOTED_INCLUDE_IN_FRAMEWORK_HEADER = YES;
				CLANG_WARN_RANGE_LOOP_ANALYSIS = YES;
				CLANG_WARN_STRICT_PROTOTYPES = YES;
				CLANG_WARN_SUSPICIOUS_MOVE = YES;
				CLANG_WARN_UNGUARDED_AVAILABILITY = YES_AGGRESSIVE;
				CLANG_WARN_UNREACHABLE_CODE = YES;
				CLANG_WARN__DUPLICATE_METHOD_MATCH = YES;
				COPY_PHASE_STRIP = NO;
				DEBUG_INFORMATION_FORMAT = dwarf;
				ENABLE_STRICT_OBJC_MSGSEND = YES;
				ENABLE_TESTABILITY = YES;
				ENABLE_USER_SCRIPT_SANDBOXING = YES;
				GCC_C_LANGUAGE_STANDARD = gnu17;
				GCC_DYNAMIC_NO_PIC = NO;
				GCC_NO_COMMON_BLOCKS = YES;
				GCC_OPTIMIZATION_LEVEL = 0;
				GCC_PREPROCESSOR_DEFINITIONS = (
					"DEBUG=1",
					"$(inherited)",
				);
				GCC_WARN_64_TO_32_BIT_CONVERSION = YES;
				GCC_WARN_ABOUT_RETURN_TYPE = YES_ERROR;
				GCC_WARN_UNDECLARED_SELECTOR = YES;
				GCC_WARN_UNINITIALIZED_AUTOS = YES_AGGRESSIVE;
				GCC_WARN_UNUSED_FUNCTION = YES;
				GCC_WARN_UNUSED_VARIABLE = YES;
				IPHONEOS_DEPLOYMENT_TARGET = 17.5;
				LOCALIZATION_PREFERS_STRING_CATALOGS = YES;
				MTL_ENABLE_DEBUG_INFO = INCLUDE_SOURCE;
				MTL_FAST_MATH = YES;
				ONLY_ACTIVE_ARCH = YES;
				SDKROOT = iphoneos;
				SWIFT_ACTIVE_COMPILATION_CONDITIONS = "DEBUG $(inherited)";
				SWIFT_OPTIMIZATION_LEVEL = "-Onone";
			};
			name = Debug;
		};
		38E5BFBF2C24E65E000EF594 /* Release */ = {
			isa = XCBuildConfiguration;
			buildSettings = {
				ALWAYS_SEARCH_USER_PATHS = NO;
				ASSETCATALOG_COMPILER_GENERATE_SWIFT_ASSET_SYMBOL_EXTENSIONS = YES;
				CLANG_ANALYZER_NONNULL = YES;
				CLANG_ANALYZER_NUMBER_OBJECT_CONVERSION = YES_AGGRESSIVE;
				CLANG_CXX_LANGUAGE_STANDARD = "gnu++20";
				CLANG_ENABLE_MODULES = YES;
				CLANG_ENABLE_OBJC_ARC = YES;
				CLANG_ENABLE_OBJC_WEAK = YES;
				CLANG_WARN_BLOCK_CAPTURE_AUTORELEASING = YES;
				CLANG_WARN_BOOL_CONVERSION = YES;
				CLANG_WARN_COMMA = YES;
				CLANG_WARN_CONSTANT_CONVERSION = YES;
				CLANG_WARN_DEPRECATED_OBJC_IMPLEMENTATIONS = YES;
				CLANG_WARN_DIRECT_OBJC_ISA_USAGE = YES_ERROR;
				CLANG_WARN_DOCUMENTATION_COMMENTS = YES;
				CLANG_WARN_EMPTY_BODY = YES;
				CLANG_WARN_ENUM_CONVERSION = YES;
				CLANG_WARN_INFINITE_RECURSION = YES;
				CLANG_WARN_INT_CONVERSION = YES;
				CLANG_WARN_NON_LITERAL_NULL_CONVERSION = YES;
				CLANG_WARN_OBJC_IMPLICIT_RETAIN_SELF = YES;
				CLANG_WARN_OBJC_LITERAL_CONVERSION = YES;
				CLANG_WARN_OBJC_ROOT_CLASS = YES_ERROR;
				CLANG_WARN_QUOTED_INCLUDE_IN_FRAMEWORK_HEADER = YES;
				CLANG_WARN_RANGE_LOOP_ANALYSIS = YES;
				CLANG_WARN_STRICT_PROTOTYPES = YES;
				CLANG_WARN_SUSPICIOUS_MOVE = YES;
				CLANG_WARN_UNGUARDED_AVAILABILITY = YES_AGGRESSIVE;
				CLANG_WARN_UNREACHABLE_CODE = YES;
				CLANG_WARN__DUPLICATE_METHOD_MATCH = YES;
				COPY_PHASE_STRIP = NO;
				DEBUG_INFORMATION_FORMAT = "dwarf-with-dsym";
				ENABLE_NS_ASSERTIONS = NO;
				ENABLE_STRICT_OBJC_MSGSEND = YES;
				ENABLE_USER_SCRIPT_SANDBOXING = YES;
				GCC_C_LANGUAGE_STANDARD = gnu17;
				GCC_NO_COMMON_BLOCKS = YES;
				GCC_WARN_64_TO_32_BIT_CONVERSION = YES;
				GCC_WARN_ABOUT_RETURN_TYPE = YES_ERROR;
				GCC_WARN_UNDECLARED_SELECTOR = YES;
				GCC_WARN_UNINITIALIZED_AUTOS = YES_AGGRESSIVE;
				GCC_WARN_UNUSED_FUNCTION = YES;
				GCC_WARN_UNUSED_VARIABLE = YES;
				IPHONEOS_DEPLOYMENT_TARGET = 17.5;
				LOCALIZATION_PREFERS_STRING_CATALOGS = YES;
				MTL_ENABLE_DEBUG_INFO = NO;
				MTL_FAST_MATH = YES;
				SDKROOT = iphoneos;
				SWIFT_COMPILATION_MODE = wholemodule;
				VALIDATE_PRODUCT = YES;
			};
			name = Release;
		};
		38E5BFC12C24E65E000EF594 /* Debug */ = {
			isa = XCBuildConfiguration;
			buildSettings = {
				ASSETCATALOG_COMPILER_APPICON_NAME = AppIcon;
				ASSETCATALOG_COMPILER_GLOBAL_ACCENT_COLOR_NAME = AccentColor;
				CODE_SIGN_STYLE = Automatic;
				CURRENT_PROJECT_VERSION = 1;
				DEVELOPMENT_TEAM = XWYX5D2GFA;
				GENERATE_INFOPLIST_FILE = YES;
				INFOPLIST_FILE = RickAndMorty/Info.plist;
				INFOPLIST_KEY_CFBundleDisplayName = "Rick & Morty";
				INFOPLIST_KEY_LSApplicationCategoryType = "public.app-category.education";
				INFOPLIST_KEY_UIApplicationSupportsIndirectInputEvents = YES;
				INFOPLIST_KEY_UILaunchStoryboardName = LaunchScreen;
				INFOPLIST_KEY_UISupportedInterfaceOrientations_iPad = "UIInterfaceOrientationPortrait UIInterfaceOrientationPortraitUpsideDown UIInterfaceOrientationLandscapeLeft UIInterfaceOrientationLandscapeRight";
				INFOPLIST_KEY_UISupportedInterfaceOrientations_iPhone = "UIInterfaceOrientationPortrait UIInterfaceOrientationLandscapeLeft UIInterfaceOrientationLandscapeRight";
				LD_RUNPATH_SEARCH_PATHS = (
					"$(inherited)",
					"@executable_path/Frameworks",
				);
				MARKETING_VERSION = 1.0;
				PRODUCT_BUNDLE_IDENTIFIER = Vosik.RickAndMorty;
				PRODUCT_NAME = "$(TARGET_NAME)";
				SWIFT_EMIT_LOC_STRINGS = YES;
				SWIFT_VERSION = 5.0;
				TARGETED_DEVICE_FAMILY = "1,2";
			};
			name = Debug;
		};
		38E5BFC22C24E65E000EF594 /* Release */ = {
			isa = XCBuildConfiguration;
			buildSettings = {
				ASSETCATALOG_COMPILER_APPICON_NAME = AppIcon;
				ASSETCATALOG_COMPILER_GLOBAL_ACCENT_COLOR_NAME = AccentColor;
				CODE_SIGN_STYLE = Automatic;
				CURRENT_PROJECT_VERSION = 1;
				DEVELOPMENT_TEAM = XWYX5D2GFA;
				GENERATE_INFOPLIST_FILE = YES;
				INFOPLIST_FILE = RickAndMorty/Info.plist;
				INFOPLIST_KEY_CFBundleDisplayName = "Rick & Morty";
				INFOPLIST_KEY_LSApplicationCategoryType = "public.app-category.education";
				INFOPLIST_KEY_UIApplicationSupportsIndirectInputEvents = YES;
				INFOPLIST_KEY_UILaunchStoryboardName = LaunchScreen;
				INFOPLIST_KEY_UISupportedInterfaceOrientations_iPad = "UIInterfaceOrientationPortrait UIInterfaceOrientationPortraitUpsideDown UIInterfaceOrientationLandscapeLeft UIInterfaceOrientationLandscapeRight";
				INFOPLIST_KEY_UISupportedInterfaceOrientations_iPhone = "UIInterfaceOrientationPortrait UIInterfaceOrientationLandscapeLeft UIInterfaceOrientationLandscapeRight";
				LD_RUNPATH_SEARCH_PATHS = (
					"$(inherited)",
					"@executable_path/Frameworks",
				);
				MARKETING_VERSION = 1.0;
				PRODUCT_BUNDLE_IDENTIFIER = Vosik.RickAndMorty;
				PRODUCT_NAME = "$(TARGET_NAME)";
				SWIFT_EMIT_LOC_STRINGS = YES;
				SWIFT_VERSION = 5.0;
				TARGETED_DEVICE_FAMILY = "1,2";
			};
			name = Release;
		};
/* End XCBuildConfiguration section */

/* Begin XCConfigurationList section */
		38E5BFA72C24E65C000EF594 /* Build configuration list for PBXProject "RickAndMorty" */ = {
			isa = XCConfigurationList;
			buildConfigurations = (
				38E5BFBE2C24E65E000EF594 /* Debug */,
				38E5BFBF2C24E65E000EF594 /* Release */,
			);
			defaultConfigurationIsVisible = 0;
			defaultConfigurationName = Release;
		};
		38E5BFC02C24E65E000EF594 /* Build configuration list for PBXNativeTarget "RickAndMorty" */ = {
			isa = XCConfigurationList;
			buildConfigurations = (
				38E5BFC12C24E65E000EF594 /* Debug */,
				38E5BFC22C24E65E000EF594 /* Release */,
			);
			defaultConfigurationIsVisible = 0;
			defaultConfigurationName = Release;
		};
/* End XCConfigurationList section */
	};
	rootObject = 38E5BFA42C24E65C000EF594 /* Project object */;
}
